{
  "nodes": {
    "home-manager": {
      "inputs": {
        "nixpkgs": [
          "nixpkgs"
        ]
      },
      "locked": {
        "lastModified": 1683813037,
        "narHash": "sha256-UMEXfYLVcI4p0JUHQD07UWglqj7XUw6xhdJqqNRu4KY=",
        "owner": "nix-community",
        "repo": "home-manager",
        "rev": "d97e8f8861a7ad3cb2f72adf5b2cd14ab302c593",
        "type": "github"
      },
      "original": {
        "owner": "nix-community",
        "repo": "home-manager",
        "type": "github"
      }
    },
    "nixpkgs": {
      "locked": {
        "lastModified": 1683777345,
        "narHash": "sha256-V2p/A4RpEGqEZussOnHYMU6XglxBJGCODdzoyvcwig8=",
        "owner": "nixos",
        "repo": "nixpkgs",
        "rev": "635a306fc8ede2e34cb3dd0d6d0a5d49362150ed",
        "type": "github"
      },
      "original": {
        "owner": "nixos",
        "ref": "nixpkgs-unstable",
        "repo": "nixpkgs",
        "type": "github"
      }
    },
    "root": {
      "inputs": {
        "home-manager": "home-manager",
        "nixpkgs": "nixpkgs"
      }
    }
  },
  "root": "root",
  "version": 7
}
